// !$*UTF8*$!
{
	archiveVersion = 1;
	classes = {
	};
	objectVersion = 46;
	objects = {

/* Begin PBXBuildFile section */
		4AEBCB251B36749500E00BC2 /* main.m in Sources */ = {isa = PBXBuildFile; fileRef = 4AEBCB241B36749500E00BC2 /* main.m */; };
		4AEBCB281B36749500E00BC2 /* AppDelegate.m in Sources */ = {isa = PBXBuildFile; fileRef = 4AEBCB271B36749500E00BC2 /* AppDelegate.m */; };
		4AEBCB2B1B36749500E00BC2 /* FirstViewController.m in Sources */ = {isa = PBXBuildFile; fileRef = 4AEBCB2A1B36749500E00BC2 /* FirstViewController.m */; };
		4AEBCB2E1B36749500E00BC2 /* SecondViewController.m in Sources */ = {isa = PBXBuildFile; fileRef = 4AEBCB2D1B36749500E00BC2 /* SecondViewController.m */; };
		4AEBCB311B36749500E00BC2 /* Main.storyboard in Resources */ = {isa = PBXBuildFile; fileRef = 4AEBCB2F1B36749500E00BC2 /* Main.storyboard */; };
		4AEBCB331B36749500E00BC2 /* Images.xcassets in Resources */ = {isa = PBXBuildFile; fileRef = 4AEBCB321B36749500E00BC2 /* Images.xcassets */; };
		4AEBCB361B36749500E00BC2 /* LaunchScreen.xib in Resources */ = {isa = PBXBuildFile; fileRef = 4AEBCB341B36749500E00BC2 /* LaunchScreen.xib */; };
		4AEBCB421B36749500E00BC2 /* EarlyChildhoodEducationTests.m in Sources */ = {isa = PBXBuildFile; fileRef = 4AEBCB411B36749500E00BC2 /* EarlyChildhoodEducationTests.m */; };
/* End PBXBuildFile section */

/* Begin PBXContainerItemProxy section */
		4AEBCB3C1B36749500E00BC2 /* PBXContainerItemProxy */ = {
			isa = PBXContainerItemProxy;
			containerPortal = 4AEBCB171B36749500E00BC2 /* Project object */;
			proxyType = 1;
			remoteGlobalIDString = 4AEBCB1E1B36749500E00BC2;
			remoteInfo = EarlyChildhoodEducation;
		};
/* End PBXContainerItemProxy section */

/* Begin PBXFileReference section */
		4AEBCB1F1B36749500E00BC2 /* EarlyChildhoodEducation.app */ = {isa = PBXFileReference; explicitFileType = wrapper.application; includeInIndex = 0; path = EarlyChildhoodEducation.app; sourceTree = BUILT_PRODUCTS_DIR; };
		4AEBCB231B36749500E00BC2 /* Info.plist */ = {isa = PBXFileReference; lastKnownFileType = text.plist.xml; path = Info.plist; sourceTree = "<group>"; };
		4AEBCB241B36749500E00BC2 /* main.m */ = {isa = PBXFileReference; lastKnownFileType = sourcecode.c.objc; path = main.m; sourceTree = "<group>"; };
		4AEBCB261B36749500E00BC2 /* AppDelegate.h */ = {isa = PBXFileReference; lastKnownFileType = sourcecode.c.h; path = AppDelegate.h; sourceTree = "<group>"; };
		4AEBCB271B36749500E00BC2 /* AppDelegate.m */ = {isa = PBXFileReference; lastKnownFileType = sourcecode.c.objc; path = AppDelegate.m; sourceTree = "<group>"; };
		4AEBCB291B36749500E00BC2 /* FirstViewController.h */ = {isa = PBXFileReference; lastKnownFileType = sourcecode.c.h; path = FirstViewController.h; sourceTree = "<group>"; };
		4AEBCB2A1B36749500E00BC2 /* FirstViewController.m */ = {isa = PBXFileReference; lastKnownFileType = sourcecode.c.objc; path = FirstViewController.m; sourceTree = "<group>"; };
		4AEBCB2C1B36749500E00BC2 /* SecondViewController.h */ = {isa = PBXFileReference; lastKnownFileType = sourcecode.c.h; path = SecondViewController.h; sourceTree = "<group>"; };
		4AEBCB2D1B36749500E00BC2 /* SecondViewController.m */ = {isa = PBXFileReference; lastKnownFileType = sourcecode.c.objc; path = SecondViewController.m; sourceTree = "<group>"; };
		4AEBCB301B36749500E00BC2 /* Base */ = {isa = PBXFileReference; lastKnownFileType = file.storyboard; name = Base; path = Base.lproj/Main.storyboard; sourceTree = "<group>"; };
		4AEBCB321B36749500E00BC2 /* Images.xcassets */ = {isa = PBXFileReference; lastKnownFileType = folder.assetcatalog; path = Images.xcassets; sourceTree = "<group>"; };
		4AEBCB351B36749500E00BC2 /* Base */ = {isa = PBXFileReference; lastKnownFileType = file.xib; name = Base; path = Base.lproj/LaunchScreen.xib; sourceTree = "<group>"; };
		4AEBCB3B1B36749500E00BC2 /* EarlyChildhoodEducationTests.xctest */ = {isa = PBXFileReference; explicitFileType = wrapper.cfbundle; includeInIndex = 0; path = EarlyChildhoodEducationTests.xctest; sourceTree = BUILT_PRODUCTS_DIR; };
		4AEBCB401B36749500E00BC2 /* Info.plist */ = {isa = PBXFileReference; lastKnownFileType = text.plist.xml; path = Info.plist; sourceTree = "<group>"; };
		4AEBCB411B36749500E00BC2 /* EarlyChildhoodEducationTests.m */ = {isa = PBXFileReference; lastKnownFileType = sourcecode.c.objc; path = EarlyChildhoodEducationTests.m; sourceTree = "<group>"; };
/* End PBXFileReference section */

/* Begin PBXFrameworksBuildPhase section */
		4AEBCB1C1B36749500E00BC2 /* Frameworks */ = {
			isa = PBXFrameworksBuildPhase;
			buildActionMask = 2147483647;
			files = (
			);
			runOnlyForDeploymentPostprocessing = 0;
		};
		4AEBCB381B36749500E00BC2 /* Frameworks */ = {
			isa = PBXFrameworksBuildPhase;
			buildActionMask = 2147483647;
			files = (
			);
			runOnlyForDeploymentPostprocessing = 0;
		};
/* End PBXFrameworksBuildPhase section */

/* Begin PBXGroup section */
		4AEBCB161B36749500E00BC2 = {
			isa = PBXGroup;
			children = (
				4AEBCB211B36749500E00BC2 /* EarlyChildhoodEducation */,
				4AEBCB3E1B36749500E00BC2 /* EarlyChildhoodEducationTests */,
				4AEBCB201B36749500E00BC2 /* Products */,
			);
			sourceTree = "<group>";
		};
		4AEBCB201B36749500E00BC2 /* Products */ = {
			isa = PBXGroup;
			children = (
				4AEBCB1F1B36749500E00BC2 /* EarlyChildhoodEducation.app */,
				4AEBCB3B1B36749500E00BC2 /* EarlyChildhoodEducationTests.xctest */,
			);
			name = Products;
			sourceTree = "<group>";
		};
		4AEBCB211B36749500E00BC2 /* EarlyChildhoodEducation */ = {
			isa = PBXGroup;
			children = (
				4AEBCB261B36749500E00BC2 /* AppDelegate.h */,
				4AEBCB271B36749500E00BC2 /* AppDelegate.m */,
				4AEBCB291B36749500E00BC2 /* FirstViewController.h */,
				4AEBCB2A1B36749500E00BC2 /* FirstViewController.m */,
				4AEBCB2C1B36749500E00BC2 /* SecondViewController.h */,
				4AEBCB2D1B36749500E00BC2 /* SecondViewController.m */,
				4AEBCB2F1B36749500E00BC2 /* Main.storyboard */,
				4AEBCB321B36749500E00BC2 /* Images.xcassets */,
				4AEBCB341B36749500E00BC2 /* LaunchScreen.xib */,
				4AEBCB221B36749500E00BC2 /* Supporting Files */,
			);
			path = EarlyChildhoodEducation;
			sourceTree = "<group>";
		};
		4AEBCB221B36749500E00BC2 /* Supporting Files */ = {
			isa = PBXGroup;
			children = (
				4AEBCB231B36749500E00BC2 /* Info.plist */,
				4AEBCB241B36749500E00BC2 /* main.m */,
			);
			name = "Supporting Files";
			sourceTree = "<group>";
		};
		4AEBCB3E1B36749500E00BC2 /* EarlyChildhoodEducationTests */ = {
			isa = PBXGroup;
			children = (
				4AEBCB411B36749500E00BC2 /* EarlyChildhoodEducationTests.m */,
				4AEBCB3F1B36749500E00BC2 /* Supporting Files */,
			);
			path = EarlyChildhoodEducationTests;
			sourceTree = "<group>";
		};
		4AEBCB3F1B36749500E00BC2 /* Supporting Files */ = {
			isa = PBXGroup;
			children = (
				4AEBCB401B36749500E00BC2 /* Info.plist */,
			);
			name = "Supporting Files";
			sourceTree = "<group>";
		};
/* End PBXGroup section */

/* Begin PBXNativeTarget section */
		4AEBCB1E1B36749500E00BC2 /* EarlyChildhoodEducation */ = {
			isa = PBXNativeTarget;
			buildConfigurationList = 4AEBCB451B36749500E00BC2 /* Build configuration list for PBXNativeTarget "EarlyChildhoodEducation" */;
			buildPhases = (
				4AEBCB1B1B36749500E00BC2 /* Sources */,
				4AEBCB1C1B36749500E00BC2 /* Frameworks */,
				4AEBCB1D1B36749500E00BC2 /* Resources */,
			);
			buildRules = (
			);
			dependencies = (
			);
			name = EarlyChildhoodEducation;
			productName = EarlyChildhoodEducation;
			productReference = 4AEBCB1F1B36749500E00BC2 /* EarlyChildhoodEducation.app */;
			productType = "com.apple.product-type.application";
		};
		4AEBCB3A1B36749500E00BC2 /* EarlyChildhoodEducationTests */ = {
			isa = PBXNativeTarget;
			buildConfigurationList = 4AEBCB481B36749500E00BC2 /* Build configuration list for PBXNativeTarget "EarlyChildhoodEducationTests" */;
			buildPhases = (
				4AEBCB371B36749500E00BC2 /* Sources */,
				4AEBCB381B36749500E00BC2 /* Frameworks */,
				4AEBCB391B36749500E00BC2 /* Resources */,
			);
			buildRules = (
			);
			dependencies = (
				4AEBCB3D1B36749500E00BC2 /* PBXTargetDependency */,
			);
			name = EarlyChildhoodEducationTests;
			productName = EarlyChildhoodEducationTests;
			productReference = 4AEBCB3B1B36749500E00BC2 /* EarlyChildhoodEducationTests.xctest */;
			productType = "com.apple.product-type.bundle.unit-test";
		};
/* End PBXNativeTarget section */

/* Begin PBXProject section */
		4AEBCB171B36749500E00BC2 /* Project object */ = {
			isa = PBXProject;
			attributes = {
				LastUpgradeCheck = 0630;
				ORGANIZATIONNAME = Sina;
				TargetAttributes = {
					4AEBCB1E1B36749500E00BC2 = {
						CreatedOnToolsVersion = 6.3.2;
					};
					4AEBCB3A1B36749500E00BC2 = {
						CreatedOnToolsVersion = 6.3.2;
						TestTargetID = 4AEBCB1E1B36749500E00BC2;
					};
				};
			};
			buildConfigurationList = 4AEBCB1A1B36749500E00BC2 /* Build configuration list for PBXProject "EarlyChildhoodEducation" */;
			compatibilityVersion = "Xcode 3.2";
			developmentRegion = English;
			hasScannedForEncodings = 0;
			knownRegions = (
				en,
				Base,
			);
			mainGroup = 4AEBCB161B36749500E00BC2;
			productRefGroup = 4AEBCB201B36749500E00BC2 /* Products */;
			projectDirPath = "";
			projectRoot = "";
			targets = (
				4AEBCB1E1B36749500E00BC2 /* EarlyChildhoodEducation */,
				4AEBCB3A1B36749500E00BC2 /* EarlyChildhoodEducationTests */,
			);
		};
/* End PBXProject section */

/* Begin PBXResourcesBuildPhase section */
		4AEBCB1D1B36749500E00BC2 /* Resources */ = {
			isa = PBXResourcesBuildPhase;
			buildActionMask = 2147483647;
			files = (
				4AEBCB311B36749500E00BC2 /* Main.storyboard in Resources */,
				4AEBCB361B36749500E00BC2 /* LaunchScreen.xib in Resources */,
				4AEBCB331B36749500E00BC2 /* Images.xcassets in Resources */,
			);
			runOnlyForDeploymentPostprocessing = 0;
		};
		4AEBCB391B36749500E00BC2 /* Resources */ = {
			isa = PBXResourcesBuildPhase;
			buildActionMask = 2147483647;
			files = (
			);
			runOnlyForDeploymentPostprocessing = 0;
		};
/* End PBXResourcesBuildPhase section */

/* Begin PBXSourcesBuildPhase section */
		4AEBCB1B1B36749500E00BC2 /* Sources */ = {
			isa = PBXSourcesBuildPhase;
			buildActionMask = 2147483647;
			files = (
				4AEBCB2E1B36749500E00BC2 /* SecondViewController.m in Sources */,
				4AEBCB281B36749500E00BC2 /* AppDelegate.m in Sources */,
				4AEBCB2B1B36749500E00BC2 /* FirstViewController.m in Sources */,
				4AEBCB251B36749500E00BC2 /* main.m in Sources */,
			);
			runOnlyForDeploymentPostprocessing = 0;
		};
		4AEBCB371B36749500E00BC2 /* Sources */ = {
			isa = PBXSourcesBuildPhase;
			buildActionMask = 2147483647;
			files = (
				4AEBCB421B36749500E00BC2 /* EarlyChildhoodEducationTests.m in Sources */,
			);
			runOnlyForDeploymentPostprocessing = 0;
		};
/* End PBXSourcesBuildPhase section */

/* Begin PBXTargetDependency section */
		4AEBCB3D1B36749500E00BC2 /* PBXTargetDependency */ = {
			isa = PBXTargetDependency;
			target = 4AEBCB1E1B36749500E00BC2 /* EarlyChildhoodEducation */;
			targetProxy = 4AEBCB3C1B36749500E00BC2 /* PBXContainerItemProxy */;
		};
/* End PBXTargetDependency section */

/* Begin PBXVariantGroup section */
		4AEBCB2F1B36749500E00BC2 /* Main.storyboard */ = {
			isa = PBXVariantGroup;
			children = (
				4AEBCB301B36749500E00BC2 /* Base */,
			);
			name = Main.storyboard;
			sourceTree = "<group>";
		};
		4AEBCB341B36749500E00BC2 /* LaunchScreen.xib */ = {
			isa = PBXVariantGroup;
			children = (
				4AEBCB351B36749500E00BC2 /* Base */,
			);
			name = LaunchScreen.xib;
			sourceTree = "<group>";
		};
/* End PBXVariantGroup section */

/* Begin XCBuildConfiguration section */
		4AEBCB431B36749500E00BC2 /* Debug */ = {
			isa = XCBuildConfiguration;
			buildSettings = {
				ALWAYS_SEARCH_USER_PATHS = NO;
				CLANG_CXX_LANGUAGE_STANDARD = "gnu++0x";
				CLANG_CXX_LIBRARY = "libc++";
				CLANG_ENABLE_MODULES = YES;
				CLANG_ENABLE_OBJC_ARC = YES;
				CLANG_WARN_BOOL_CONVERSION = YES;
				CLANG_WARN_CONSTANT_CONVERSION = YES;
				CLANG_WARN_DIRECT_OBJC_ISA_USAGE = YES_ERROR;
				CLANG_WARN_EMPTY_BODY = YES;
				CLANG_WARN_ENUM_CONVERSION = YES;
				CLANG_WARN_INT_CONVERSION = YES;
				CLANG_WARN_OBJC_ROOT_CLASS = YES_ERROR;
				CLANG_WARN_UNREACHABLE_CODE = YES;
				CLANG_WARN__DUPLICATE_METHOD_MATCH = YES;
				"CODE_SIGN_IDENTITY[sdk=iphoneos*]" = "iPhone Developer";
				COPY_PHASE_STRIP = NO;
				DEBUG_INFORMATION_FORMAT = "dwarf-with-dsym";
				ENABLE_STRICT_OBJC_MSGSEND = YES;
				GCC_C_LANGUAGE_STANDARD = gnu99;
				GCC_DYNAMIC_NO_PIC = NO;
				GCC_NO_COMMON_BLOCKS = YES;
				GCC_OPTIMIZATION_LEVEL = 0;
				GCC_PREPROCESSOR_DEFINITIONS = (
					"DEBUG=1",
					"$(inherited)",
				);
				GCC_SYMBOLS_PRIVATE_EXTERN = NO;
				GCC_WARN_64_TO_32_BIT_CONVERSION = YES;
				GCC_WARN_ABOUT_RETURN_TYPE = YES_ERROR;
				GCC_WARN_UNDECLARED_SELECTOR = YES;
				GCC_WARN_UNINITIALIZED_AUTOS = YES_AGGRESSIVE;
				GCC_WARN_UNUSED_FUNCTION = YES;
				GCC_WARN_UNUSED_VARIABLE = YES;
				IPHONEOS_DEPLOYMENT_TARGET = 8.3;
				MTL_ENABLE_DEBUG_INFO = YES;
				ONLY_ACTIVE_ARCH = YES;
				SDKROOT = iphoneos;
			};
			name = Debug;
		};
		4AEBCB441B36749500E00BC2 /* Release */ = {
			isa = XCBuildConfiguration;
			buildSettings = {
				ALWAYS_SEARCH_USER_PATHS = NO;
				CLANG_CXX_LANGUAGE_STANDARD = "gnu++0x";
				CLANG_CXX_LIBRARY = "libc++";
				CLANG_ENABLE_MODULES = YES;
				CLANG_ENABLE_OBJC_ARC = YES;
				CLANG_WARN_BOOL_CONVERSION = YES;
				CLANG_WARN_CONSTANT_CONVERSION = YES;
				CLANG_WARN_DIRECT_OBJC_ISA_USAGE = YES_ERROR;
				CLANG_WARN_EMPTY_BODY = YES;
				CLANG_WARN_ENUM_CONVERSION = YES;
				CLANG_WARN_INT_CONVERSION = YES;
				CLANG_WARN_OBJC_ROOT_CLASS = YES_ERROR;
				CLANG_WARN_UNREACHABLE_CODE = YES;
				CLANG_WARN__DUPLICATE_METHOD_MATCH = YES;
				"CODE_SIGN_IDENTITY[sdk=iphoneos*]" = "iPhone Developer";
				COPY_PHASE_STRIP = NO;
				DEBUG_INFORMATION_FORMAT = "dwarf-with-dsym";
				ENABLE_NS_ASSERTIONS = NO;
				ENABLE_STRICT_OBJC_MSGSEND = YES;
				GCC_C_LANGUAGE_STANDARD = gnu99;
				GCC_NO_COMMON_BLOCKS = YES;
				GCC_WARN_64_TO_32_BIT_CONVERSION = YES;
				GCC_WARN_ABOUT_RETURN_TYPE = YES_ERROR;
				GCC_WARN_UNDECLARED_SELECTOR = YES;
				GCC_WARN_UNINITIALIZED_AUTOS = YES_AGGRESSIVE;
				GCC_WARN_UNUSED_FUNCTION = YES;
				GCC_WARN_UNUSED_VARIABLE = YES;
				IPHONEOS_DEPLOYMENT_TARGET = 8.3;
				MTL_ENABLE_DEBUG_INFO = NO;
				SDKROOT = iphoneos;
				VALIDATE_PRODUCT = YES;
			};
			name = Release;
		};
		4AEBCB461B36749500E00BC2 /* Debug */ = {
			isa = XCBuildConfiguration;
			buildSettings = {
				ASSETCATALOG_COMPILER_APPICON_NAME = AppIcon;
				INFOPLIST_FILE = EarlyChildhoodEducation/Info.plist;
				LD_RUNPATH_SEARCH_PATHS = "$(inherited) @executable_path/Frameworks";
				PRODUCT_NAME = "$(TARGET_NAME)";
			};
			name = Debug;
		};
		4AEBCB471B36749500E00BC2 /* Release */ = {
			isa = XCBuildConfiguration;
			buildSettings = {
				ASSETCATALOG_COMPILER_APPICON_NAME = AppIcon;
				INFOPLIST_FILE = EarlyChildhoodEducation/Info.plist;
				LD_RUNPATH_SEARCH_PATHS = "$(inherited) @executable_path/Frameworks";
				PRODUCT_NAME = "$(TARGET_NAME)";
			};
			name = Release;
		};
		4AEBCB491B36749500E00BC2 /* Debug */ = {
			isa = XCBuildConfiguration;
			buildSettings = {
				BUNDLE_LOADER = "$(TEST_HOST)";
				FRAMEWORK_SEARCH_PATHS = (
					"$(SDKROOT)/Developer/Library/Frameworks",
					"$(inherited)",
				);
				GCC_PREPROCESSOR_DEFINITIONS = (
					"DEBUG=1",
					"$(inherited)",
				);
				INFOPLIST_FILE = EarlyChildhoodEducationTests/Info.plist;
				LD_RUNPATH_SEARCH_PATHS = "$(inherited) @executable_path/Frameworks @loader_path/Frameworks";
				PRODUCT_NAME = "$(TARGET_NAME)";
				TEST_HOST = "$(BUILT_PRODUCTS_DIR)/EarlyChildhoodEducation.app/EarlyChildhoodEducation";
			};
			name = Debug;
		};
		4AEBCB4A1B36749500E00BC2 /* Release */ = {
			isa = XCBuildConfiguration;
			buildSettings = {
				BUNDLE_LOADER = "$(TEST_HOST)";
				FRAMEWORK_SEARCH_PATHS = (
					"$(SDKROOT)/Developer/Library/Frameworks",
					"$(inherited)",
				);
				INFOPLIST_FILE = EarlyChildhoodEducationTests/Info.plist;
				LD_RUNPATH_SEARCH_PATHS = "$(inherited) @executable_path/Frameworks @loader_path/Frameworks";
				PRODUCT_NAME = "$(TARGET_NAME)";
				TEST_HOST = "$(BUILT_PRODUCTS_DIR)/EarlyChildhoodEducation.app/EarlyChildhoodEducation";
			};
			name = Release;
		};
/* End XCBuildConfiguration section */

/* Begin XCConfigurationList section */
		4AEBCB1A1B36749500E00BC2 /* Build configuration list for PBXProject "EarlyChildhoodEducation" */ = {
			isa = XCConfigurationList;
			buildConfigurations = (
				4AEBCB431B36749500E00BC2 /* Debug */,
				4AEBCB441B36749500E00BC2 /* Release */,
			);
			defaultConfigurationIsVisible = 0;
			defaultConfigurationName = Release;
		};
		4AEBCB451B36749500E00BC2 /* Build configuration list for PBXNativeTarget "EarlyChildhoodEducation" */ = {
			isa = XCConfigurationList;
			buildConfigurations = (
				4AEBCB461B36749500E00BC2 /* Debug */,
				4AEBCB471B36749500E00BC2 /* Release */,
			);
			defaultConfigurationIsVisible = 0;
		};
		4AEBCB481B36749500E00BC2 /* Build configuration list for PBXNativeTarget "EarlyChildhoodEducationTests" */ = {
			isa = XCConfigurationList;
			buildConfigurations = (
				4AEBCB491B36749500E00BC2 /* Debug */,
				4AEBCB4A1B36749500E00BC2 /* Release */,
			);
			defaultConfigurationIsVisible = 0;
		};
/* End XCConfigurationList section */
	};
	rootObject = 4AEBCB171B36749500E00BC2 /* Project object */;
}
